
Microsoft Visual Studio Solution File, Format Version 12.00
# Visual Studio 15
VisualStudioVersion = 15.0.26124.0
MinimumVisualStudioVersion = 15.0.26124.0
Project("{2150E333-8FDC-42A3-9474-1A3956D46DE8}") = "src", "src", "{1F4DC79E-8178-4E03-B110-83FEC892FC4A}"
EndProject
Project("{FAE04EC0-301F-11D3-BF4B-00C04F79EFBC}") = "MyFunction", "src\MyFunction\MyFunction.csproj", "{B42F693E-FC03-4E5B-81F2-D80659BB0791}"
EndProject
Project("{2150E333-8FDC-42A3-9474-1A3956D46DE8}") = "test", "test", "{DA9972F6-88C3-41C2-B51C-7558FAE53079}"
EndProject
Project("{FAE04EC0-301F-11D3-BF4B-00C04F79EFBC}") = "MyFunction.Tests", "test\MyFunction.Tests\MyFunction.Tests.csproj", "{C8C4BFA9-1081-4135-A02E-0BA28A2C049F}"
EndProject
Global
	GlobalSection(SolutionConfigurationPlatforms) = preSolution
		Debug|Any CPU = Debug|Any CPU
		Debug|x64 = Debug|x64
		Debug|x86 = Debug|x86
		Release|Any CPU = Release|Any CPU
		Release|x64 = Release|x64
		Release|x86 = Release|x86
	EndGlobalSection
	GlobalSection(SolutionProperties) = preSolution
		HideSolutionNode = FALSE
	EndGlobalSection
	GlobalSection(ProjectConfigurationPlatforms) = postSolution
		{B42F693E-FC03-4E5B-81F2-D80659BB0791}.Debug|Any CPU.ActiveCfg = Debug|Any CPU
		{B42F693E-FC03-4E5B-81F2-D80659BB0791}.Debug|Any CPU.Build.0 = Debug|Any CPU
		{B42F693E-FC03-4E5B-81F2-D80659BB0791}.Debug|x64.ActiveCfg = Debug|Any CPU
		{B42F693E-FC03-4E5B-81F2-D80659BB0791}.Debug|x64.Build.0 = Debug|Any CPU
		{B42F693E-FC03-4E5B-81F2-D80659BB0791}.Debug|x86.ActiveCfg = Debug|Any CPU
		{B42F693E-FC03-4E5B-81F2-D80659BB0791}.Debug|x86.Build.0 = Debug|Any CPU
		{B42F693E-FC03-4E5B-81F2-D80659BB0791}.Release|Any CPU.ActiveCfg = Release|Any CPU
		{B42F693E-FC03-4E5B-81F2-D80659BB0791}.Release|Any CPU.Build.0 = Release|Any CPU
		{B42F693E-FC03-4E5B-81F2-D80659BB0791}.Release|x64.ActiveCfg = Release|Any CPU
		{B42F693E-FC03-4E5B-81F2-D80659BB0791}.Release|x64.Build.0 = Release|Any CPU
		{B42F693E-FC03-4E5B-81F2-D80659BB0791}.Release|x86.ActiveCfg = Release|Any CPU
		{B42F693E-FC03-4E5B-81F2-D80659BB0791}.Release|x86.Build.0 = Release|Any CPU
		{C8C4BFA9-1081-4135-A02E-0BA28A2C049F}.Debug|Any CPU.ActiveCfg = Debug|Any CPU
		{C8C4BFA9-1081-4135-A02E-0BA28A2C049F}.Debug|Any CPU.Build.0 = Debug|Any CPU
		{C8C4BFA9-1081-4135-A02E-0BA28A2C049F}.Debug|x64.ActiveCfg = Debug|Any CPU
		{C8C4BFA9-1081-4135-A02E-0BA28A2C049F}.Debug|x64.Build.0 = Debug|Any CPU
		{C8C4BFA9-1081-4135-A02E-0BA28A2C049F}.Debug|x86.ActiveCfg = Debug|Any CPU
		{C8C4BFA9-1081-4135-A02E-0BA28A2C049F}.Debug|x86.Build.0 = Debug|Any CPU
		{C8C4BFA9-1081-4135-A02E-0BA28A2C049F}.Release|Any CPU.ActiveCfg = Release|Any CPU
		{C8C4BFA9-1081-4135-A02E-0BA28A2C049F}.Release|Any CPU.Build.0 = Release|Any CPU
		{C8C4BFA9-1081-4135-A02E-0BA28A2C049F}.Release|x64.ActiveCfg = Release|Any CPU
		{C8C4BFA9-1081-4135-A02E-0BA28A2C049F}.Release|x64.Build.0 = Release|Any CPU
		{C8C4BFA9-1081-4135-A02E-0BA28A2C049F}.Release|x86.ActiveCfg = Release|Any CPU
		{C8C4BFA9-1081-4135-A02E-0BA28A2C049F}.Release|x86.Build.0 = Release|Any CPU
	EndGlobalSection
	GlobalSection(NestedProjects) = preSolution
		{B42F693E-FC03-4E5B-81F2-D80659BB0791} = {1F4DC79E-8178-4E03-B110-83FEC892FC4A}
		{C8C4BFA9-1081-4135-A02E-0BA28A2C049F} = {DA9972F6-88C3-41C2-B51C-7558FAE53079}
	EndGlobalSection
EndGlobal
